<?xml version="1.0" encoding="utf-8"?>
<Project ToolsVersion="4.0" xmlns="http://schemas.microsoft.com/developer/msbuild/2003">
  <ItemGroup>
    <Filter Include="Source Files">
      <UniqueIdentifier>{4FC737F1-C7A5-4376-A066-2A32D752A2FF}</UniqueIdentifier>
      <Extensions>cpp;c;cc;cxx;def;odl;idl;hpj;bat;asm;asmx</Extensions>
    </Filter>
    <Filter Include="Resource Files">
      <UniqueIdentifier>{67DA6AB6-F800-4c08-8B7A-83BB121AAD01}</UniqueIdentifier>
      <Extensions>rc;ico;cur;bmp;dlg;rc2;rct;bin;rgs;gif;jpg;jpeg;jpe;resx;tiff;tif;png;wav;mfcribbon-ms</Extensions>
    </Filter>
    <Filter Include="Framework">
      <UniqueIdentifier>{e95b8ab2-6c72-46dc-9cc6-1f23b2a120ce}</UniqueIdentifier>
    </Filter>
    <Filter Include="Framework\Graphics">
      <UniqueIdentifier>{8bbd6e6e-ef4e-4d7d-b980-92d034a5cdd4}</UniqueIdentifier>
    </Filter>
    <Filter Include="Framework\Scenes">
      <UniqueIdentifier>{5d63d7c6-d983-4c68-9079-2bdcfcf01c1a}</UniqueIdentifier>
    </Filter>
    <Filter Include="Framework\Game Entity">
      <UniqueIdentifier>{7d9fb389-4bae-47f0-9ab9-a8ce89dbf6c0}</UniqueIdentifier>
    </Filter>
    <Filter Include="Framework\Game">
      <UniqueIdentifier>{20bdce32-356c-4d32-8819-934c3174df67}</UniqueIdentifier>
    </Filter>
    <Filter Include="Framework\Collision">
      <UniqueIdentifier>{abe51413-a3b6-43fc-80aa-f2d652859e4a}</UniqueIdentifier>
    </Filter>
  </ItemGroup>
  <ItemGroup>
    <ClInclude Include="GameGlobal.h">
      <Filter>Framework\Game</Filter>
    </ClInclude>
    <ClInclude Include="Game.h">
      <Filter>Framework\Game</Filter>
    </ClInclude>
    <ClInclude Include="Camera.h">
      <Filter>Framework\Graphics</Filter>
    </ClInclude>
    <ClInclude Include="Sprite.h">
      <Filter>Framework\Graphics</Filter>
    </ClInclude>
    <ClInclude Include="Animation.h">
      <Filter>Framework\Graphics</Filter>
    </ClInclude>
    <ClInclude Include="AnimationManager.h">
      <Filter>Framework\Graphics</Filter>
    </ClInclude>
    <ClInclude Include="SpriteManager.h">
      <Filter>Framework\Graphics</Filter>
    </ClInclude>
    <ClInclude Include="TextureManager.h">
      <Filter>Framework\Graphics</Filter>
    </ClInclude>
    <ClInclude Include="Object.h">
      <Filter>Framework\Game Entity</Filter>
    </ClInclude>
    <ClInclude Include="Character.h">
      <Filter>Framework\Game Entity</Filter>
    </ClInclude>
    <ClInclude Include="Scene.h">
      <Filter>Framework\Scenes</Filter>
    </ClInclude>
    <ClInclude Include="SceneManager.h">
      <Filter>Framework\Scenes</Filter>
    </ClInclude>
    <ClInclude Include="PlayScene.h">
      <Filter>Framework\Scenes</Filter>
    </ClInclude>
  </ItemGroup>
  <ItemGroup>
    <ClCompile Include="GameGlobal.cpp">
      <Filter>Framework\Game</Filter>
    </ClCompile>
    <ClCompile Include="Game.cpp">
      <Filter>Framework\Game</Filter>
    </ClCompile>
    <ClCompile Include="Camera.cpp">
      <Filter>Framework\Graphics</Filter>
    </ClCompile>
    <ClCompile Include="WinMain.cpp">
      <Filter>Source Files</Filter>
    </ClCompile>
  </ItemGroup>
</Project>